# ci_track: ops
# ci_abis: arm32,arm64
# trigger_generation: 8
name: RafCodePhi Beta Build - libLLVM18 Unblock

on:
  workflow_dispatch:
  push:
    paths:
      - '.github/workflows/beta-build-libllvm18-unblock.yml'
      - 'data/contracts/termux-packages-rafcodephi-pin.v1.json'
      - 'scripts/resolve_termux_packages_pin.py'
      - 'scripts/validate_rafcodephi_packages_source.sh'
      - 'scripts/rafcodephi_packages_bridge.sh'
      - 'scripts/generate_usable_beta_receipt.py'
      - 'tests/test_termux_packages_active_route_semantics.py'
  pull_request:
    paths:
      - '.github/workflows/beta-build-libllvm18-unblock.yml'
      - 'data/contracts/termux-packages-rafcodephi-pin.v1.json'
      - 'scripts/resolve_termux_packages_pin.py'
      - 'scripts/validate_rafcodephi_packages_source.sh'
      - 'scripts/rafcodephi_packages_bridge.sh'
      - 'scripts/generate_usable_beta_receipt.py'
      - 'tests/test_termux_packages_active_route_semantics.py'

permissions:
  contents: read

concurrency:
  group: rafcodephi-beta-libllvm18-${{ github.ref }}
  cancel-in-progress: true

env:
  TERMUX_PACKAGES_RAF_CHANNEL: candidate
  TERMUX_PACKAGES_RAF_REQUIRE_PINNED: 'true'
  CLAIM_ALLOWED: 'false'
  PHYSICAL_ANDROID: 'TOKEN_VAZIO'

jobs:
  build-usable-beta:
    runs-on: ubuntu-24.04
    timeout-minutes: 240
    steps:
      - name: Checkout RafCodePhi app
        uses: actions/checkout@v7
        with:
          persist-credentials: false
          fetch-depth: 1

      - name: Validate semantic custody and resolve candidate source
        shell: bash
        run: |
          set -euo pipefail
          mkdir -p build/reports
          python3 -m py_compile \
            scripts/generate_usable_beta_receipt.py \
            scripts/resolve_termux_packages_pin.py
          python3 tests/test_termux_packages_active_route_semantics.py
          python3 scripts/resolve_termux_packages_pin.py \
            "$TERMUX_PACKAGES_RAF_CHANNEL" \
            --github-env --json \
            | tee build/reports/beta-packages-pin-resolution.json

      - name: Setup Java 21
        uses: actions/setup-java@v6
        with:
          distribution: temurin
          java-version: '21'
          cache: gradle

      - name: Checkout patched termux-packages candidate
        uses: actions/checkout@v7
        with:
          repository: rafaelmeloreisnovo/termux-packages
          ref: ${{ env.TERMUX_PACKAGES_SHA }}
          path: termux-packages
          persist-credentials: false
          fetch-depth: 1

      - name: Preflight complete candidate source capability set
        working-directory: termux-packages
        shell: bash
        run: |
          set -euo pipefail
          test "$(git rev-parse HEAD)" = "$TERMUX_PACKAGES_SHA"
          required=(
            scripts/properties.sh
            scripts/apply-rafcodephi-build-properties.py
            scripts/validate-rafcodephi-build-properties.sh
            scripts/run-docker.sh
            scripts/build-rafcodephi-real-bootstrap.sh
            scripts/generate-bootstraps.sh
            packages/libxml2/build.sh
          )
          missing=()
          for path in "${required[@]}"; do
            [[ -f "$path" ]] || missing+=("$path")
          done
          if ((${#missing[@]})); then
            printf 'RAFCODEPHI_CANDIDATE_PREFLIGHT=FAIL\n' >&2
            printf 'missing_source_capability=%s\n' "${missing[@]}" >&2
            exit 1
          fi
          grep -Fq 'libllvm18' packages/libxml2/build.sh || {
            echo 'RAFCODEPHI_CANDIDATE_PREFLIGHT=FAIL missing libllvm18 host closure' >&2
            exit 1
          }
          python3 - <<'PY'
          from pathlib import Path
          builder = Path('scripts/build-rafcodephi-real-bootstrap.sh').read_text(encoding='utf-8')
          required_tokens = (
              'RAFCODEPHI_REAL_BOOTSTRAP_MANIFEST.txt',
              'rafcodephi.real-bootstrap-sourcebuild/v1',
              'rafcodephi-bootstrap-arm.zip',
              'rafcodephi-bootstrap-aarch64.zip',
          )
          missing = [token for token in required_tokens if token not in builder]
          if missing:
              raise SystemExit('bootstrap builder capability drift: ' + ','.join(missing))
          print('RAFCODEPHI_CANDIDATE_PREFLIGHT=PASS')
          PY

      - name: Bind RAFCODEPhi package identity
        working-directory: termux-packages
        shell: bash
        run: |
          set -euo pipefail
          test "$(git rev-parse HEAD)" = "$TERMUX_PACKAGES_SHA"
          mkdir -p build/reports
          python3 scripts/apply-rafcodephi-build-properties.py \
            --properties scripts/properties.sh \
            --receipt build/reports/rafcodephi-beta-properties.json
          bash scripts/validate-rafcodephi-build-properties.sh
          grep -F 'libllvm18' packages/libxml2/build.sh

      - name: Source-build real ARM32 + ARM64 bootstrap pair
        working-directory: termux-packages
        shell: bash
        run: |
          set -euo pipefail
          mkdir -p build/reports
          chmod +x scripts/run-docker.sh scripts/build-rafcodephi-real-bootstrap.sh
          ./scripts/run-docker.sh \
            ./scripts/build-rafcodephi-real-bootstrap.sh \
            --architectures arm,aarch64 \
            2>&1 | tee build/reports/rafcodephi-beta-real-bootstrap.log

      - name: Gate source-built bootstrap pair
        working-directory: termux-packages
        shell: bash
        run: |
          set -euo pipefail
          root=artifacts/rafcodephi-bootstrap
          manifest="$root/RAFCODEPHI_REAL_BOOTSTRAP_MANIFEST.txt"
          arm="$root/rafcodephi-bootstrap-arm.zip"
          arm64="$root/rafcodephi-bootstrap-aarch64.zip"
          test -s "$manifest"
          test -s "$arm"
          test -s "$arm64"
          grep -Fx 'schema=rafcodephi.real-bootstrap-sourcebuild/v1' "$manifest"
          grep -Fx 'package_name=com.termux.rafacodephi' "$manifest"
          grep -Fx 'prefix=/data/data/com.termux.rafacodephi/files/usr' "$manifest"
          grep -Fx 'bridge_allowed=false' "$manifest"
          grep -Fx 'legacy_prefix_allowed=false' "$manifest"
          sha256sum "$manifest" "$arm" "$arm64" | tee build/reports/rafcodephi-beta-real-bootstrap.sha256

      - name: Prepare exact source-built bootstrap environment
        env:
          RAF_BOOTSTRAP_SOURCE: source-built-real
          RAF_REAL_BOOTSTRAP_ZIP_ARM: ${{ github.workspace }}/termux-packages/artifacts/rafcodephi-bootstrap/rafcodephi-bootstrap-arm.zip
          RAF_REAL_BOOTSTRAP_ZIP_AARCH64: ${{ github.workspace }}/termux-packages/artifacts/rafcodephi-bootstrap/rafcodephi-bootstrap-aarch64.zip
          RAF_REAL_BOOTSTRAP_MANIFEST: ${{ github.workspace }}/termux-packages/artifacts/rafcodephi-bootstrap/RAFCODEPHI_REAL_BOOTSTRAP_MANIFEST.txt
        run: ./scripts/prepare_bootstrap_env.sh --github-env --skip-android-preflight

      - name: Validate embedded real-pkg profiles and ELF semantics
        shell: bash
        run: |
          set -euo pipefail
          mkdir -p build/reports
          python3 tools/raf_bootstrap_profile.py validate \
            --zip app/src/main/cpp/rewritten-bootstrap-arm.zip \
            --expected-profile real-pkg \
            --expected-arch arm \
            --package-name com.termux.rafacodephi \
            > build/reports/beta-embedded-arm.json
          python3 tools/raf_bootstrap_profile.py validate \
            --zip app/src/main/cpp/rewritten-bootstrap-aarch64.zip \
            --expected-profile real-pkg \
            --expected-arch aarch64 \
            --package-name com.termux.rafacodephi \
            > build/reports/beta-embedded-aarch64.json
          python3 - <<'PY'
          import json
          from pathlib import Path
          for arch in ('arm', 'aarch64'):
              doc = json.loads(Path(f'build/reports/beta-embedded-{arch}.json').read_text())
              if doc.get('structural_state') != 'PASS':
                  raise SystemExit(f'{arch}: structural_state={doc.get("structural_state")}')
              if doc.get('profile') != 'real-pkg' or doc.get('package_name') != 'com.termux.rafacodephi':
                  raise SystemExit(f'{arch}: semantic identity mismatch: {doc}')
              if doc.get('device_validation') != 'TOKEN_VAZIO' or doc.get('claim_allowed') is not False:
                  raise SystemExit(f'{arch}: claim boundary widened unexpectedly: {doc}')
              classifications = doc.get('classifications') or {}
              for name in ('bin/apt', 'bin/apt-get'):
                  if classifications.get(name) != 'ELF':
                      raise SystemExit(f'{arch}: {name} is not ELF: {classifications.get(name)}')
          print('BETA_REAL_BOOTSTRAP_SEMANTIC_GATE=PASS')
          PY

      - name: Build signed + unsigned APK matrix from pinned source contract
        env:
          RAF_BOOTSTRAP_SOURCE: source-built-real
          RAF_REAL_BOOTSTRAP_ZIP_ARM: ${{ github.workspace }}/termux-packages/artifacts/rafcodephi-bootstrap/rafcodephi-bootstrap-arm.zip
          RAF_REAL_BOOTSTRAP_ZIP_AARCH64: ${{ github.workspace }}/termux-packages/artifacts/rafcodephi-bootstrap/rafcodephi-bootstrap-aarch64.zip
          RAF_REAL_BOOTSTRAP_MANIFEST: ${{ github.workspace }}/termux-packages/artifacts/rafcodephi-bootstrap/RAFCODEPHI_REAL_BOOTSTRAP_MANIFEST.txt
          RELEASE_TRACK: internal
          APK_MATRIX_UNIT_TESTS_REQUIRED: 'true'
        run: ./scripts/build_apk_matrix.sh

      - name: Generate fail-closed semantic custody receipt
        if: success()
        shell: bash
        run: |
          set -euo pipefail
          mkdir -p build/reports
          python3 scripts/generate_usable_beta_receipt.py \
            --apk-root dist/apk-matrix \
            --bootstrap-manifest termux-packages/artifacts/rafcodephi-bootstrap/RAFCODEPHI_REAL_BOOTSTRAP_MANIFEST.txt \
            --arm-report build/reports/beta-embedded-arm.json \
            --arm64-report build/reports/beta-embedded-aarch64.json \
            --source-contract dist/source-contract/TERMUX_PACKAGES_RAFCODEPHI_SOURCE.env \
            --packages-sha "$TERMUX_PACKAGES_SHA" \
            --output build/reports/usable-beta-receipt.json

      - name: Capture upstream failure without masking primary cause
        if: failure()
        shell: bash
        env:
          JOB_STATUS: ${{ job.status }}
        run: |
          set -u
          mkdir -p build/reports
          python3 - <<'PY'
          import json
          import os
          from pathlib import Path

          expected = [
              'termux-packages/artifacts/rafcodephi-bootstrap/RAFCODEPHI_REAL_BOOTSTRAP_MANIFEST.txt',
              'termux-packages/artifacts/rafcodephi-bootstrap/rafcodephi-bootstrap-arm.zip',
              'termux-packages/artifacts/rafcodephi-bootstrap/rafcodephi-bootstrap-aarch64.zip',
              'build/reports/beta-embedded-arm.json',
              'build/reports/beta-embedded-aarch64.json',
              'dist/source-contract/TERMUX_PACKAGES_RAFCODEPHI_SOURCE.env',
              'dist/apk-matrix',
          ]
          present = [p for p in expected if Path(p).exists()]
          missing = [p for p in expected if not Path(p).exists()]
          doc = {
              'schema': 'rafcodephi.usable-beta-build/v2',
              'state': 'UPSTREAM_FAILURE_EVIDENCE_INCOMPLETE',
              'job_status': os.environ.get('JOB_STATUS', 'failure'),
              'packages_sha': os.environ.get('TERMUX_PACKAGES_SHA', 'TOKEN_VAZIO'),
              'pin_channel': os.environ.get('TERMUX_PACKAGES_PIN_CHANNEL', 'TOKEN_VAZIO'),
              'present_evidence': present,
              'missing_evidence': missing,
              'physical_android': 'TOKEN_VAZIO',
              'claim_allowed': False,
              'release_allowed': False,
              'diagnostic': 'Primary failure occurred upstream. Missing downstream evidence is consequence, not root cause.',
          }
          Path('build/reports/usable-beta-receipt.json').write_text(
              json.dumps(doc, indent=2, sort_keys=True) + '\n', encoding='utf-8'
          )
          print(json.dumps(doc, indent=2, sort_keys=True))
          PY

      - name: Upload usable beta artifacts and custody evidence
        if: always()
        uses: actions/upload-artifact@v7
        with:
          name: rafcodephi-beta-libllvm18-${{ github.sha }}
          if-no-files-found: warn
          retention-days: 14
          path: |
            dist/apk-matrix/
            dist/source-contract/
            build/reports/
            termux-packages/build/reports/
            termux-packages/artifacts/rafcodephi-bootstrap/
